{
    "hash": "c53680dee251b3dd26a90df5026ad712",
    "packages": [
        {
            "package": "phing/phing",
            "version": "2.4.12"
        },
        {
            "package": "pimple/pimple",
            "version": "dev-master",
            "source-reference": "v1.0.0",
            "alias-pretty-version": "1.0.x-dev",
            "alias-version": "1.0.9999999.9999999-dev"
        },
        {
            "package": "pimple/pimple",
            "version": "dev-master",
            "source-reference": "v1.0.0"
        },
        {
            "package": "propel/propel-service-provider",
            "version": "dev-master",
            "source-reference": "432398842bbba4367d4dcba6b6b59e4c5ad0d796"
        },
        {
            "package": "propel/propel1",
            "version": "dev-master",
            "source-reference": "82372dddcece94f06d3f6e0143ba9a6c0529f201",
            "alias-pretty-version": "1.6.x-dev",
            "alias-version": "1.6.9999999.9999999-dev"
        },
        {
            "package": "propel/propel1",
            "version": "dev-master",
            "source-reference": "82372dddcece94f06d3f6e0143ba9a6c0529f201"
        },
        {
            "package": "silex/silex",
            "version": "dev-master",
            "source-reference": "6ad4c16aee31936e8433a191623311aa57e4fa2c",
            "alias-pretty-version": "1.0.x-dev",
            "alias-version": "1.0.9999999.9999999-dev"
        },
        {
            "package": "silex/silex",
            "version": "dev-master",
            "source-reference": "6ad4c16aee31936e8433a191623311aa57e4fa2c"
        },
        {
            "package": "symfony/browser-kit",
            "version": "dev-master",
            "source-reference": "2cebdd6803abf9c7240bb2a7a5c3aa8f45a9ef9f",
            "alias-pretty-version": "2.1.x-dev",
            "alias-version": "2.1.9999999.9999999-dev"
        },
        {
            "package": "symfony/browser-kit",
            "version": "dev-master",
            "source-reference": "2cebdd6803abf9c7240bb2a7a5c3aa8f45a9ef9f"
        },
        {
            "package": "symfony/class-loader",
            "version": "dev-master",
            "source-reference": "0e6ee8d07dda6920106048247d41249201604e76"
        },
        {
            "package": "symfony/class-loader",
            "version": "dev-master",
            "source-reference": "0e6ee8d07dda6920106048247d41249201604e76",
            "alias-pretty-version": "2.1.x-dev",
            "alias-version": "2.1.9999999.9999999-dev"
        },
        {
            "package": "symfony/css-selector",
            "version": "dev-master",
            "source-reference": "83009868bc7be01f7ba84c55edf085482b5da7a5"
        },
        {
            "package": "symfony/css-selector",
            "version": "dev-master",
            "source-reference": "83009868bc7be01f7ba84c55edf085482b5da7a5",
            "alias-pretty-version": "2.1.x-dev",
            "alias-version": "2.1.9999999.9999999-dev"
        },
        {
            "package": "symfony/dom-crawler",
            "version": "dev-master",
            "source-reference": "85a641d7d21e8121df665ea16b33db9c9d2e28d1",
            "alias-pretty-version": "2.1.x-dev",
            "alias-version": "2.1.9999999.9999999-dev"
        },
        {
            "package": "symfony/dom-crawler",
            "version": "dev-master",
            "source-reference": "85a641d7d21e8121df665ea16b33db9c9d2e28d1"
        },
        {
            "package": "symfony/event-dispatcher",
            "version": "dev-master",
            "source-reference": "0c1ae4898196f5e96b79028d8d2f35de4b584659"
        },
        {
            "package": "symfony/event-dispatcher",
            "version": "dev-master",
            "source-reference": "0c1ae4898196f5e96b79028d8d2f35de4b584659",
            "alias-pretty-version": "2.1.x-dev",
            "alias-version": "2.1.9999999.9999999-dev"
        },
        {
            "package": "symfony/finder",
            "version": "dev-master",
            "source-reference": "19ef3c1ca88f6e69d9cca0eda2e3a20f85e0173a",
            "alias-pretty-version": "2.1.x-dev",
            "alias-version": "2.1.9999999.9999999-dev"
        },
        {
            "package": "symfony/finder",
            "version": "dev-master",
            "source-reference": "19ef3c1ca88f6e69d9cca0eda2e3a20f85e0173a"
        },
        {
            "package": "symfony/http-foundation",
            "version": "dev-master",
            "source-reference": "54c22f4bf8625303503a117dcc68544d3f8ac876",
            "alias-pretty-version": "2.1.x-dev",
            "alias-version": "2.1.9999999.9999999-dev"
        },
        {
            "package": "symfony/http-foundation",
            "version": "dev-master",
            "source-reference": "54c22f4bf8625303503a117dcc68544d3f8ac876"
        },
        {
            "package": "symfony/http-kernel",
            "version": "dev-master",
            "source-reference": "94abcb71a634d7fc0e1eac287cbc1f7d1792d367"
        },
        {
            "package": "symfony/http-kernel",
            "version": "dev-master",
            "source-reference": "94abcb71a634d7fc0e1eac287cbc1f7d1792d367",
            "alias-pretty-version": "2.1.x-dev",
            "alias-version": "2.1.9999999.9999999-dev"
        },
        {
            "package": "symfony/process",
            "version": "dev-master",
            "source-reference": "1bc1398d51180fd2aeded9c44f4d7b73bea817cd",
            "alias-pretty-version": "2.1.x-dev",
            "alias-version": "2.1.9999999.9999999-dev"
        },
        {
            "package": "symfony/process",
            "version": "dev-master",
            "source-reference": "1bc1398d51180fd2aeded9c44f4d7b73bea817cd"
        },
        {
            "package": "symfony/routing",
            "version": "dev-master",
            "source-reference": "b6c2bafae0cf8a557d719598a4a462676c3d04bd"
        },
        {
            "package": "symfony/routing",
            "version": "dev-master",
            "source-reference": "b6c2bafae0cf8a557d719598a4a462676c3d04bd",
            "alias-pretty-version": "2.1.x-dev",
            "alias-version": "2.1.9999999.9999999-dev"
        }
    ],
    "packages-dev": null,
    "aliases": [

    ]
}
